
Microsoft Visual Studio Solution File, Format Version 12.00
# Visual Studio Version 16
VisualStudioVersion = 16.0.30114.105
MinimumVisualStudioVersion = 10.0.40219.1
Project("{888888A0-9F3D-457C-B088-3A5042F75D52}") = "PythonDataTypesApp", "PythonDataTypesApp\PythonDataTypesApp.pyproj", "{10696751-DECA-40BB-9AE1-CA4274133A1D}"
EndProject
Global
	GlobalSection(SolutionConfigurationPlatforms) = preSolution
		Debug|Any CPU = Debug|Any CPU
		Release|Any CPU = Release|Any CPU
	EndGlobalSection
	GlobalSection(ProjectConfigurationPlatforms) = postSolution
		{10696751-DECA-40BB-9AE1-CA4274133A1D}.Debug|Any CPU.ActiveCfg = Debug|Any CPU
		{10696751-DECA-40BB-9AE1-CA4274133A1D}.Release|Any CPU.ActiveCfg = Release|Any CPU
	EndGlobalSection
	GlobalSection(SolutionProperties) = preSolution
		HideSolutionNode = FALSE
	EndGlobalSection
	GlobalSection(ExtensibilityGlobals) = postSolution
		SolutionGuid = {AE054E02-5E99-4A31-A62B-BB5DC8CAA3B6}
	EndGlobalSection
EndGlobal
